// !$*UTF8*$!
{
	archiveVersion = 1;
	classes = {
	};
	objectVersion = 46;
	objects = {

/* Begin PBXBuildFile section */
		2777EB191F282348005B4450 /* AppDelegate.swift in Sources */ = {isa = PBXBuildFile; fileRef = 2777EB181F282348005B4450 /* AppDelegate.swift */; };
		2777EB1B1F282348005B4450 /* ViewController.swift in Sources */ = {isa = PBXBuildFile; fileRef = 2777EB1A1F282348005B4450 /* ViewController.swift */; };
		2777EB1E1F282348005B4450 /* Main.storyboard in Resources */ = {isa = PBXBuildFile; fileRef = 2777EB1C1F282348005B4450 /* Main.storyboard */; };
		2777EB201F282348005B4450 /* Assets.xcassets in Resources */ = {isa = PBXBuildFile; fileRef = 2777EB1F1F282348005B4450 /* Assets.xcassets */; };
		2777EB231F282348005B4450 /* LaunchScreen.storyboard in Resources */ = {isa = PBXBuildFile; fileRef = 2777EB211F282348005B4450 /* LaunchScreen.storyboard */; };
		2777EB2E1F282348005B4450 /* RetroCalculatorTests.swift in Sources */ = {isa = PBXBuildFile; fileRef = 2777EB2D1F282348005B4450 /* RetroCalculatorTests.swift */; };
		2777EB391F282348005B4450 /* RetroCalculatorUITests.swift in Sources */ = {isa = PBXBuildFile; fileRef = 2777EB381F282348005B4450 /* RetroCalculatorUITests.swift */; };
		2777EB471F283246005B4450 /* Minecraft.ttf in Resources */ = {isa = PBXBuildFile; fileRef = 2777EB461F283246005B4450 /* Minecraft.ttf */; };
		2777EB481F283246005B4450 /* Minecraft.ttf in Resources */ = {isa = PBXBuildFile; fileRef = 2777EB461F283246005B4450 /* Minecraft.ttf */; };
		2777EB491F283246005B4450 /* Minecraft.ttf in Resources */ = {isa = PBXBuildFile; fileRef = 2777EB461F283246005B4450 /* Minecraft.ttf */; };
/* End PBXBuildFile section */

/* Begin PBXContainerItemProxy section */
		2777EB2A1F282348005B4450 /* PBXContainerItemProxy */ = {
			isa = PBXContainerItemProxy;
			containerPortal = 2777EB0D1F282347005B4450 /* Project object */;
			proxyType = 1;
			remoteGlobalIDString = 2777EB141F282347005B4450;
			remoteInfo = RetroCalculator;
		};
		2777EB351F282348005B4450 /* PBXContainerItemProxy */ = {
			isa = PBXContainerItemProxy;
			containerPortal = 2777EB0D1F282347005B4450 /* Project object */;
			proxyType = 1;
			remoteGlobalIDString = 2777EB141F282347005B4450;
			remoteInfo = RetroCalculator;
		};
/* End PBXContainerItemProxy section */

/* Begin PBXFileReference section */
		2777EB151F282347005B4450 /* RetroCalculator.app */ = {isa = PBXFileReference; explicitFileType = wrapper.application; includeInIndex = 0; path = RetroCalculator.app; sourceTree = BUILT_PRODUCTS_DIR; };
		2777EB181F282348005B4450 /* AppDelegate.swift */ = {isa = PBXFileReference; lastKnownFileType = sourcecode.swift; path = AppDelegate.swift; sourceTree = "<group>"; };
		2777EB1A1F282348005B4450 /* ViewController.swift */ = {isa = PBXFileReference; lastKnownFileType = sourcecode.swift; path = ViewController.swift; sourceTree = "<group>"; };
		2777EB1D1F282348005B4450 /* Base */ = {isa = PBXFileReference; lastKnownFileType = file.storyboard; name = Base; path = Base.lproj/Main.storyboard; sourceTree = "<group>"; };
		2777EB1F1F282348005B4450 /* Assets.xcassets */ = {isa = PBXFileReference; lastKnownFileType = folder.assetcatalog; path = Assets.xcassets; sourceTree = "<group>"; };
		2777EB221F282348005B4450 /* Base */ = {isa = PBXFileReference; lastKnownFileType = file.storyboard; name = Base; path = Base.lproj/LaunchScreen.storyboard; sourceTree = "<group>"; };
		2777EB241F282348005B4450 /* Info.plist */ = {isa = PBXFileReference; lastKnownFileType = text.plist.xml; path = Info.plist; sourceTree = "<group>"; };
		2777EB291F282348005B4450 /* RetroCalculatorTests.xctest */ = {isa = PBXFileReference; explicitFileType = wrapper.cfbundle; includeInIndex = 0; path = RetroCalculatorTests.xctest; sourceTree = BUILT_PRODUCTS_DIR; };
		2777EB2D1F282348005B4450 /* RetroCalculatorTests.swift */ = {isa = PBXFileReference; lastKnownFileType = sourcecode.swift; path = RetroCalculatorTests.swift; sourceTree = "<group>"; };
		2777EB2F1F282348005B4450 /* Info.plist */ = {isa = PBXFileReference; lastKnownFileType = text.plist.xml; path = Info.plist; sourceTree = "<group>"; };
		2777EB341F282348005B4450 /* RetroCalculatorUITests.xctest */ = {isa = PBXFileReference; explicitFileType = wrapper.cfbundle; includeInIndex = 0; path = RetroCalculatorUITests.xctest; sourceTree = BUILT_PRODUCTS_DIR; };
		2777EB381F282348005B4450 /* RetroCalculatorUITests.swift */ = {isa = PBXFileReference; lastKnownFileType = sourcecode.swift; path = RetroCalculatorUITests.swift; sourceTree = "<group>"; };
		2777EB3A1F282348005B4450 /* Info.plist */ = {isa = PBXFileReference; lastKnownFileType = text.plist.xml; path = Info.plist; sourceTree = "<group>"; };
		2777EB461F283246005B4450 /* Minecraft.ttf */ = {isa = PBXFileReference; lastKnownFileType = file; path = Minecraft.ttf; sourceTree = "<group>"; };
/* End PBXFileReference section */

/* Begin PBXFrameworksBuildPhase section */
		2777EB121F282347005B4450 /* Frameworks */ = {
			isa = PBXFrameworksBuildPhase;
			buildActionMask = 2147483647;
			files = (
			);
			runOnlyForDeploymentPostprocessing = 0;
		};
		2777EB261F282348005B4450 /* Frameworks */ = {
			isa = PBXFrameworksBuildPhase;
			buildActionMask = 2147483647;
			files = (
			);
			runOnlyForDeploymentPostprocessing = 0;
		};
		2777EB311F282348005B4450 /* Frameworks */ = {
			isa = PBXFrameworksBuildPhase;
			buildActionMask = 2147483647;
			files = (
			);
			runOnlyForDeploymentPostprocessing = 0;
		};
/* End PBXFrameworksBuildPhase section */

/* Begin PBXGroup section */
		2777EB0C1F282347005B4450 = {
			isa = PBXGroup;
			children = (
				2777EB171F282347005B4450 /* RetroCalculator */,
				2777EB2C1F282348005B4450 /* RetroCalculatorTests */,
				2777EB371F282348005B4450 /* RetroCalculatorUITests */,
				2777EB161F282347005B4450 /* Products */,
			);
			sourceTree = "<group>";
		};
		2777EB161F282347005B4450 /* Products */ = {
			isa = PBXGroup;
			children = (
				2777EB151F282347005B4450 /* RetroCalculator.app */,
				2777EB291F282348005B4450 /* RetroCalculatorTests.xctest */,
				2777EB341F282348005B4450 /* RetroCalculatorUITests.xctest */,
			);
			name = Products;
			sourceTree = "<group>";
		};
		2777EB171F282347005B4450 /* RetroCalculator */ = {
			isa = PBXGroup;
			children = (
				2777EB461F283246005B4450 /* Minecraft.ttf */,
				2777EB181F282348005B4450 /* AppDelegate.swift */,
				2777EB1A1F282348005B4450 /* ViewController.swift */,
				2777EB1C1F282348005B4450 /* Main.storyboard */,
				2777EB1F1F282348005B4450 /* Assets.xcassets */,
				2777EB211F282348005B4450 /* LaunchScreen.storyboard */,
				2777EB241F282348005B4450 /* Info.plist */,
			);
			path = RetroCalculator;
			sourceTree = "<group>";
		};
		2777EB2C1F282348005B4450 /* RetroCalculatorTests */ = {
			isa = PBXGroup;
			children = (
				2777EB2D1F282348005B4450 /* RetroCalculatorTests.swift */,
				2777EB2F1F282348005B4450 /* Info.plist */,
			);
			path = RetroCalculatorTests;
			sourceTree = "<group>";
		};
		2777EB371F282348005B4450 /* RetroCalculatorUITests */ = {
			isa = PBXGroup;
			children = (
				2777EB381F282348005B4450 /* RetroCalculatorUITests.swift */,
				2777EB3A1F282348005B4450 /* Info.plist */,
			);
			path = RetroCalculatorUITests;
			sourceTree = "<group>";
		};
/* End PBXGroup section */

/* Begin PBXNativeTarget section */
		2777EB141F282347005B4450 /* RetroCalculator */ = {
			isa = PBXNativeTarget;
			buildConfigurationList = 2777EB3D1F282348005B4450 /* Build configuration list for PBXNativeTarget "RetroCalculator" */;
			buildPhases = (
				2777EB111F282347005B4450 /* Sources */,
				2777EB121F282347005B4450 /* Frameworks */,
				2777EB131F282347005B4450 /* Resources */,
			);
			buildRules = (
			);
			dependencies = (
			);
			name = RetroCalculator;
			productName = RetroCalculator;
			productReference = 2777EB151F282347005B4450 /* RetroCalculator.app */;
			productType = "com.apple.product-type.application";
		};
		2777EB281F282348005B4450 /* RetroCalculatorTests */ = {
			isa = PBXNativeTarget;
			buildConfigurationList = 2777EB401F282348005B4450 /* Build configuration list for PBXNativeTarget "RetroCalculatorTests" */;
			buildPhases = (
				2777EB251F282348005B4450 /* Sources */,
				2777EB261F282348005B4450 /* Frameworks */,
				2777EB271F282348005B4450 /* Resources */,
			);
			buildRules = (
			);
			dependencies = (
				2777EB2B1F282348005B4450 /* PBXTargetDependency */,
			);
			name = RetroCalculatorTests;
			productName = RetroCalculatorTests;
			productReference = 2777EB291F282348005B4450 /* RetroCalculatorTests.xctest */;
			productType = "com.apple.product-type.bundle.unit-test";
		};
		2777EB331F282348005B4450 /* RetroCalculatorUITests */ = {
			isa = PBXNativeTarget;
			buildConfigurationList = 2777EB431F282348005B4450 /* Build configuration list for PBXNativeTarget "RetroCalculatorUITests" */;
			buildPhases = (
				2777EB301F282348005B4450 /* Sources */,
				2777EB311F282348005B4450 /* Frameworks */,
				2777EB321F282348005B4450 /* Resources */,
			);
			buildRules = (
			);
			dependencies = (
				2777EB361F282348005B4450 /* PBXTargetDependency */,
			);
			name = RetroCalculatorUITests;
			productName = RetroCalculatorUITests;
			productReference = 2777EB341F282348005B4450 /* RetroCalculatorUITests.xctest */;
			productType = "com.apple.product-type.bundle.ui-testing";
		};
/* End PBXNativeTarget section */

/* Begin PBXProject section */
		2777EB0D1F282347005B4450 /* Project object */ = {
			isa = PBXProject;
			attributes = {
				LastSwiftUpdateCheck = 0830;
				LastUpgradeCheck = 0830;
				ORGANIZATIONNAME = "Michael Mirochnik";
				TargetAttributes = {
					2777EB141F282347005B4450 = {
						CreatedOnToolsVersion = 8.3.3;
						ProvisioningStyle = Automatic;
					};
					2777EB281F282348005B4450 = {
						CreatedOnToolsVersion = 8.3.3;
						ProvisioningStyle = Automatic;
						TestTargetID = 2777EB141F282347005B4450;
					};
					2777EB331F282348005B4450 = {
						CreatedOnToolsVersion = 8.3.3;
						ProvisioningStyle = Automatic;
						TestTargetID = 2777EB141F282347005B4450;
					};
				};
			};
			buildConfigurationList = 2777EB101F282347005B4450 /* Build configuration list for PBXProject "RetroCalculator" */;
			compatibilityVersion = "Xcode 3.2";
			developmentRegion = English;
			hasScannedForEncodings = 0;
			knownRegions = (
				en,
				Base,
			);
			mainGroup = 2777EB0C1F282347005B4450;
			productRefGroup = 2777EB161F282347005B4450 /* Products */;
			projectDirPath = "";
			projectRoot = "";
			targets = (
				2777EB141F282347005B4450 /* RetroCalculator */,
				2777EB281F282348005B4450 /* RetroCalculatorTests */,
				2777EB331F282348005B4450 /* RetroCalculatorUITests */,
			);
		};
/* End PBXProject section */

/* Begin PBXResourcesBuildPhase section */
		2777EB131F282347005B4450 /* Resources */ = {
			isa = PBXResourcesBuildPhase;
			buildActionMask = 2147483647;
			files = (
				2777EB231F282348005B4450 /* LaunchScreen.storyboard in Resources */,
				2777EB201F282348005B4450 /* Assets.xcassets in Resources */,
				2777EB471F283246005B4450 /* Minecraft.ttf in Resources */,
				2777EB1E1F282348005B4450 /* Main.storyboard in Resources */,
			);
			runOnlyForDeploymentPostprocessing = 0;
		};
		2777EB271F282348005B4450 /* Resources */ = {
			isa = PBXResourcesBuildPhase;
			buildActionMask = 2147483647;
			files = (
				2777EB481F283246005B4450 /* Minecraft.ttf in Resources */,
			);
			runOnlyForDeploymentPostprocessing = 0;
		};
		2777EB321F282348005B4450 /* Resources */ = {
			isa = PBXResourcesBuildPhase;
			buildActionMask = 2147483647;
			files = (
				2777EB491F283246005B4450 /* Minecraft.ttf in Resources */,
			);
			runOnlyForDeploymentPostprocessing = 0;
		};
/* End PBXResourcesBuildPhase section */

/* Begin PBXSourcesBuildPhase section */
		2777EB111F282347005B4450 /* Sources */ = {
			isa = PBXSourcesBuildPhase;
			buildActionMask = 2147483647;
			files = (
				2777EB1B1F282348005B4450 /* ViewController.swift in Sources */,
				2777EB191F282348005B4450 /* AppDelegate.swift in Sources */,
			);
			runOnlyForDeploymentPostprocessing = 0;
		};
		2777EB251F282348005B4450 /* Sources */ = {
			isa = PBXSourcesBuildPhase;
			buildActionMask = 2147483647;
			files = (
				2777EB2E1F282348005B4450 /* RetroCalculatorTests.swift in Sources */,
			);
			runOnlyForDeploymentPostprocessing = 0;
		};
		2777EB301F282348005B4450 /* Sources */ = {
			isa = PBXSourcesBuildPhase;
			buildActionMask = 2147483647;
			files = (
				2777EB391F282348005B4450 /* RetroCalculatorUITests.swift in Sources */,
			);
			runOnlyForDeploymentPostprocessing = 0;
		};
/* End PBXSourcesBuildPhase section */

/* Begin PBXTargetDependency section */
		2777EB2B1F282348005B4450 /* PBXTargetDependency */ = {
			isa = PBXTargetDependency;
			target = 2777EB141F282347005B4450 /* RetroCalculator */;
			targetProxy = 2777EB2A1F282348005B4450 /* PBXContainerItemProxy */;
		};
		2777EB361F282348005B4450 /* PBXTargetDependency */ = {
			isa = PBXTargetDependency;
			target = 2777EB141F282347005B4450 /* RetroCalculator */;
			targetProxy = 2777EB351F282348005B4450 /* PBXContainerItemProxy */;
		};
/* End PBXTargetDependency section */

/* Begin PBXVariantGroup section */
		2777EB1C1F282348005B4450 /* Main.storyboard */ = {
			isa = PBXVariantGroup;
			children = (
				2777EB1D1F282348005B4450 /* Base */,
			);
			name = Main.storyboard;
			sourceTree = "<group>";
		};
		2777EB211F282348005B4450 /* LaunchScreen.storyboard */ = {
			isa = PBXVariantGroup;
			children = (
				2777EB221F282348005B4450 /* Base */,
			);
			name = LaunchScreen.storyboard;
			sourceTree = "<group>";
		};
/* End PBXVariantGroup section */

/* Begin XCBuildConfiguration section */
		2777EB3B1F282348005B4450 /* Debug */ = {
			isa = XCBuildConfiguration;
			buildSettings = {
				ALWAYS_SEARCH_USER_PATHS = NO;
				CLANG_ANALYZER_NONNULL = YES;
				CLANG_ANALYZER_NUMBER_OBJECT_CONVERSION = YES_AGGRESSIVE;
				CLANG_CXX_LANGUAGE_STANDARD = "gnu++0x";
				CLANG_CXX_LIBRARY = "libc++";
				CLANG_ENABLE_MODULES = YES;
				CLANG_ENABLE_OBJC_ARC = YES;
				CLANG_WARN_BOOL_CONVERSION = YES;
				CLANG_WARN_CONSTANT_CONVERSION = YES;
				CLANG_WARN_DIRECT_OBJC_ISA_USAGE = YES_ERROR;
				CLANG_WARN_DOCUMENTATION_COMMENTS = YES;
				CLANG_WARN_EMPTY_BODY = YES;
				CLANG_WARN_ENUM_CONVERSION = YES;
				CLANG_WARN_INFINITE_RECURSION = YES;
				CLANG_WARN_INT_CONVERSION = YES;
				CLANG_WARN_OBJC_ROOT_CLASS = YES_ERROR;
				CLANG_WARN_SUSPICIOUS_MOVE = YES;
				CLANG_WARN_UNREACHABLE_CODE = YES;
				CLANG_WARN__DUPLICATE_METHOD_MATCH = YES;
				"CODE_SIGN_IDENTITY[sdk=iphoneos*]" = "iPhone Developer";
				COPY_PHASE_STRIP = NO;
				DEBUG_INFORMATION_FORMAT = dwarf;
				ENABLE_STRICT_OBJC_MSGSEND = YES;
				ENABLE_TESTABILITY = YES;
				GCC_C_LANGUAGE_STANDARD = gnu99;
				GCC_DYNAMIC_NO_PIC = NO;
				GCC_NO_COMMON_BLOCKS = YES;
				GCC_OPTIMIZATION_LEVEL = 0;
				GCC_PREPROCESSOR_DEFINITIONS = (
					"DEBUG=1",
					"$(inherited)",
				);
				GCC_WARN_64_TO_32_BIT_CONVERSION = YES;
				GCC_WARN_ABOUT_RETURN_TYPE = YES_ERROR;
				GCC_WARN_UNDECLARED_SELECTOR = YES;
				GCC_WARN_UNINITIALIZED_AUTOS = YES_AGGRESSIVE;
				GCC_WARN_UNUSED_FUNCTION = YES;
				GCC_WARN_UNUSED_VARIABLE = YES;
				IPHONEOS_DEPLOYMENT_TARGET = 10.3;
				MTL_ENABLE_DEBUG_INFO = YES;
				ONLY_ACTIVE_ARCH = YES;
				SDKROOT = iphoneos;
				SWIFT_ACTIVE_COMPILATION_CONDITIONS = DEBUG;
				SWIFT_OPTIMIZATION_LEVEL = "-Onone";
				TARGETED_DEVICE_FAMILY = "1,2";
			};
			name = Debug;
		};
		2777EB3C1F282348005B4450 /* Release */ = {
			isa = XCBuildConfiguration;
			buildSettings = {
				ALWAYS_SEARCH_USER_PATHS = NO;
				CLANG_ANALYZER_NONNULL = YES;
				CLANG_ANALYZER_NUMBER_OBJECT_CONVERSION = YES_AGGRESSIVE;
				CLANG_CXX_LANGUAGE_STANDARD = "gnu++0x";
				CLANG_CXX_LIBRARY = "libc++";
				CLANG_ENABLE_MODULES = YES;
				CLANG_ENABLE_OBJC_ARC = YES;
				CLANG_WARN_BOOL_CONVERSION = YES;
				CLANG_WARN_CONSTANT_CONVERSION = YES;
				CLANG_WARN_DIRECT_OBJC_ISA_USAGE = YES_ERROR;
				CLANG_WARN_DOCUMENTATION_COMMENTS = YES;
				CLANG_WARN_EMPTY_BODY = YES;
				CLANG_WARN_ENUM_CONVERSION = YES;
				CLANG_WARN_INFINITE_RECURSION = YES;
				CLANG_WARN_INT_CONVERSION = YES;
				CLANG_WARN_OBJC_ROOT_CLASS = YES_ERROR;
				CLANG_WARN_SUSPICIOUS_MOVE = YES;
				CLANG_WARN_UNREACHABLE_CODE = YES;
				CLANG_WARN__DUPLICATE_METHOD_MATCH = YES;
				"CODE_SIGN_IDENTITY[sdk=iphoneos*]" = "iPhone Developer";
				COPY_PHASE_STRIP = NO;
				DEBUG_INFORMATION_FORMAT = "dwarf-with-dsym";
				ENABLE_NS_ASSERTIONS = NO;
				ENABLE_STRICT_OBJC_MSGSEND = YES;
				GCC_C_LANGUAGE_STANDARD = gnu99;
				GCC_NO_COMMON_BLOCKS = YES;
				GCC_WARN_64_TO_32_BIT_CONVERSION = YES;
				GCC_WARN_ABOUT_RETURN_TYPE = YES_ERROR;
				GCC_WARN_UNDECLARED_SELECTOR = YES;
				GCC_WARN_UNINITIALIZED_AUTOS = YES_AGGRESSIVE;
				GCC_WARN_UNUSED_FUNCTION = YES;
				GCC_WARN_UNUSED_VARIABLE = YES;
				IPHONEOS_DEPLOYMENT_TARGET = 10.3;
				MTL_ENABLE_DEBUG_INFO = NO;
				SDKROOT = iphoneos;
				SWIFT_OPTIMIZATION_LEVEL = "-Owholemodule";
				TARGETED_DEVICE_FAMILY = "1,2";
				VALIDATE_PRODUCT = YES;
			};
			name = Release;
		};
		2777EB3E1F282348005B4450 /* Debug */ = {
			isa = XCBuildConfiguration;
			buildSettings = {
				ASSETCATALOG_COMPILER_APPICON_NAME = AppIcon;
				INFOPLIST_FILE = RetroCalculator/Info.plist;
				LD_RUNPATH_SEARCH_PATHS = "$(inherited) @executable_path/Frameworks";
				PRODUCT_BUNDLE_IDENTIFIER = "-23.RetroCalculator";
				PRODUCT_NAME = "$(TARGET_NAME)";
				SWIFT_VERSION = 3.0;
			};
			name = Debug;
		};
		2777EB3F1F282348005B4450 /* Release */ = {
			isa = XCBuildConfiguration;
			buildSettings = {
				ASSETCATALOG_COMPILER_APPICON_NAME = AppIcon;
				INFOPLIST_FILE = RetroCalculator/Info.plist;
				LD_RUNPATH_SEARCH_PATHS = "$(inherited) @executable_path/Frameworks";
				PRODUCT_BUNDLE_IDENTIFIER = "-23.RetroCalculator";
				PRODUCT_NAME = "$(TARGET_NAME)";
				SWIFT_VERSION = 3.0;
			};
			name = Release;
		};
		2777EB411F282348005B4450 /* Debug */ = {
			isa = XCBuildConfiguration;
			buildSettings = {
				ALWAYS_EMBED_SWIFT_STANDARD_LIBRARIES = YES;
				BUNDLE_LOADER = "$(TEST_HOST)";
				INFOPLIST_FILE = RetroCalculatorTests/Info.plist;
				LD_RUNPATH_SEARCH_PATHS = "$(inherited) @executable_path/Frameworks @loader_path/Frameworks";
				PRODUCT_BUNDLE_IDENTIFIER = "-23.RetroCalculatorTests";
				PRODUCT_NAME = "$(TARGET_NAME)";
				SWIFT_VERSION = 3.0;
				TEST_HOST = "$(BUILT_PRODUCTS_DIR)/RetroCalculator.app/RetroCalculator";
			};
			name = Debug;
		};
		2777EB421F282348005B4450 /* Release */ = {
			isa = XCBuildConfiguration;
			buildSettings = {
				ALWAYS_EMBED_SWIFT_STANDARD_LIBRARIES = YES;
				BUNDLE_LOADER = "$(TEST_HOST)";
				INFOPLIST_FILE = RetroCalculatorTests/Info.plist;
				LD_RUNPATH_SEARCH_PATHS = "$(inherited) @executable_path/Frameworks @loader_path/Frameworks";
				PRODUCT_BUNDLE_IDENTIFIER = "-23.RetroCalculatorTests";
				PRODUCT_NAME = "$(TARGET_NAME)";
				SWIFT_VERSION = 3.0;
				TEST_HOST = "$(BUILT_PRODUCTS_DIR)/RetroCalculator.app/RetroCalculator";
			};
			name = Release;
		};
		2777EB441F282348005B4450 /* Debug */ = {
			isa = XCBuildConfiguration;
			buildSettings = {
				ALWAYS_EMBED_SWIFT_STANDARD_LIBRARIES = YES;
				INFOPLIST_FILE = RetroCalculatorUITests/Info.plist;
				LD_RUNPATH_SEARCH_PATHS = "$(inherited) @executable_path/Frameworks @loader_path/Frameworks";
				PRODUCT_BUNDLE_IDENTIFIER = "-23.RetroCalculatorUITests";
				PRODUCT_NAME = "$(TARGET_NAME)";
				SWIFT_VERSION = 3.0;
				TEST_TARGET_NAME = RetroCalculator;
			};
			name = Debug;
		};
		2777EB451F282348005B4450 /* Release */ = {
			isa = XCBuildConfiguration;
			buildSettings = {
				ALWAYS_EMBED_SWIFT_STANDARD_LIBRARIES = YES;
				INFOPLIST_FILE = RetroCalculatorUITests/Info.plist;
				LD_RUNPATH_SEARCH_PATHS = "$(inherited) @executable_path/Frameworks @loader_path/Frameworks";
				PRODUCT_BUNDLE_IDENTIFIER = "-23.RetroCalculatorUITests";
				PRODUCT_NAME = "$(TARGET_NAME)";
				SWIFT_VERSION = 3.0;
				TEST_TARGET_NAME = RetroCalculator;
			};
			name = Release;
		};
/* End XCBuildConfiguration section */

/* Begin XCConfigurationList section */
		2777EB101F282347005B4450 /* Build configuration list for PBXProject "RetroCalculator" */ = {
			isa = XCConfigurationList;
			buildConfigurations = (
				2777EB3B1F282348005B4450 /* Debug */,
				2777EB3C1F282348005B4450 /* Release */,
			);
			defaultConfigurationIsVisible = 0;
			defaultConfigurationName = Release;
		};
		2777EB3D1F282348005B4450 /* Build configuration list for PBXNativeTarget "RetroCalculator" */ = {
			isa = XCConfigurationList;
			buildConfigurations = (
				2777EB3E1F282348005B4450 /* Debug */,
				2777EB3F1F282348005B4450 /* Release */,
			);
			defaultConfigurationIsVisible = 0;
		};
		2777EB401F282348005B4450 /* Build configuration list for PBXNativeTarget "RetroCalculatorTests" */ = {
			isa = XCConfigurationList;
			buildConfigurations = (
				2777EB411F282348005B4450 /* Debug */,
				2777EB421F282348005B4450 /* Release */,
			);
			defaultConfigurationIsVisible = 0;
		};
		2777EB431F282348005B4450 /* Build configuration list for PBXNativeTarget "RetroCalculatorUITests" */ = {
			isa = XCConfigurationList;
			buildConfigurations = (
				2777EB441F282348005B4450 /* Debug */,
				2777EB451F282348005B4450 /* Release */,
			);
			defaultConfigurationIsVisible = 0;
		};
/* End XCConfigurationList section */
	};
	rootObject = 2777EB0D1F282347005B4450 /* Project object */;
}
